
Microsoft Visual Studio Solution File, Format Version 12.00
# Visual Studio Version 17
VisualStudioVersion = 17.9.34902.65
MinimumVisualStudioVersion = 10.0.40219.1
Project("{2150E333-8FDC-42A3-9474-1A3956D46DE8}") = "Database", "Database", "{7B8827EE-CB81-4A11-8227-DD420E6212D9}"
EndProject
Project("{2150E333-8FDC-42A3-9474-1A3956D46DE8}") = "Service", "Service", "{B31508F8-3B46-4891-ADDD-FC1D70CC013B}"
EndProject
Project("{2150E333-8FDC-42A3-9474-1A3956D46DE8}") = "Libs", "Libs", "{B0D1A9EC-671A-48FE-A808-3E290E63863F}"
	ProjectSection(SolutionItems) = preProject
		DataBase\WarehouseSQLDB\WarehouseDbContext.StoredProcedure.cs = DataBase\WarehouseSQLDB\WarehouseDbContext.StoredProcedure.cs
	EndProjectSection
EndProject
Project("{9A19103F-16F7-4668-BE54-9A1E7A4F7556}") = "BusinessSQLDB", "DataBase\ProductionOperationPostgreSQLDB\BusinessSQLDB.csproj", "{C877C337-B44F-4A0C-91D4-9EEE3E3D28BA}"
EndProject
Project("{FAE04EC0-301F-11D3-BF4B-00C04F79EFBC}") = "BusinessAPI", "Services\BusinessAPI\BusinessAPI.csproj", "{32F1B835-4290-9658-7917-A447CA33C5B7}"
EndProject
Project("{FAE04EC0-301F-11D3-BF4B-00C04F79EFBC}") = "utils.core.mssql", "Libraries\Utils\utils.core.mssql.csproj", "{EA5EEFDC-B347-A391-2B7B-7A2C0A1E529F}"
EndProject
Project("{FAE04EC0-301F-11D3-BF4B-00C04F79EFBC}") = "WarehouseSQLDB", "DataBase\WarehouseSQLDB\WarehouseSQLDB.csproj", "{900B6C47-CC94-49BB-A26F-ADF9C9EB3240}"
EndProject
Global
	GlobalSection(SolutionConfigurationPlatforms) = preSolution
		Debug|Any CPU = Debug|Any CPU
		Release|Any CPU = Release|Any CPU
	EndGlobalSection
	GlobalSection(ProjectConfigurationPlatforms) = postSolution
		{C877C337-B44F-4A0C-91D4-9EEE3E3D28BA}.Debug|Any CPU.ActiveCfg = Debug|Any CPU
		{C877C337-B44F-4A0C-91D4-9EEE3E3D28BA}.Debug|Any CPU.Build.0 = Debug|Any CPU
		{C877C337-B44F-4A0C-91D4-9EEE3E3D28BA}.Release|Any CPU.ActiveCfg = Release|Any CPU
		{C877C337-B44F-4A0C-91D4-9EEE3E3D28BA}.Release|Any CPU.Build.0 = Release|Any CPU
		{32F1B835-4290-9658-7917-A447CA33C5B7}.Debug|Any CPU.ActiveCfg = Debug|Any CPU
		{32F1B835-4290-9658-7917-A447CA33C5B7}.Debug|Any CPU.Build.0 = Debug|Any CPU
		{32F1B835-4290-9658-7917-A447CA33C5B7}.Release|Any CPU.ActiveCfg = Release|Any CPU
		{32F1B835-4290-9658-7917-A447CA33C5B7}.Release|Any CPU.Build.0 = Release|Any CPU
		{EA5EEFDC-B347-A391-2B7B-7A2C0A1E529F}.Debug|Any CPU.ActiveCfg = Debug|Any CPU
		{EA5EEFDC-B347-A391-2B7B-7A2C0A1E529F}.Debug|Any CPU.Build.0 = Debug|Any CPU
		{EA5EEFDC-B347-A391-2B7B-7A2C0A1E529F}.Release|Any CPU.ActiveCfg = Release|Any CPU
		{EA5EEFDC-B347-A391-2B7B-7A2C0A1E529F}.Release|Any CPU.Build.0 = Release|Any CPU
		{900B6C47-CC94-49BB-A26F-ADF9C9EB3240}.Debug|Any CPU.ActiveCfg = Debug|Any CPU
		{900B6C47-CC94-49BB-A26F-ADF9C9EB3240}.Debug|Any CPU.Build.0 = Debug|Any CPU
		{900B6C47-CC94-49BB-A26F-ADF9C9EB3240}.Release|Any CPU.ActiveCfg = Release|Any CPU
		{900B6C47-CC94-49BB-A26F-ADF9C9EB3240}.Release|Any CPU.Build.0 = Release|Any CPU
	EndGlobalSection
	GlobalSection(SolutionProperties) = preSolution
		HideSolutionNode = FALSE
	EndGlobalSection
	GlobalSection(NestedProjects) = preSolution
		{C877C337-B44F-4A0C-91D4-9EEE3E3D28BA} = {7B8827EE-CB81-4A11-8227-DD420E6212D9}
		{32F1B835-4290-9658-7917-A447CA33C5B7} = {B31508F8-3B46-4891-ADDD-FC1D70CC013B}
		{EA5EEFDC-B347-A391-2B7B-7A2C0A1E529F} = {B0D1A9EC-671A-48FE-A808-3E290E63863F}
		{900B6C47-CC94-49BB-A26F-ADF9C9EB3240} = {7B8827EE-CB81-4A11-8227-DD420E6212D9}
	EndGlobalSection
	GlobalSection(ExtensibilityGlobals) = postSolution
		SolutionGuid = {F285B61F-F5D6-46ED-9542-EB8CC99188F6}
	EndGlobalSection
EndGlobal
